
Microsoft Visual Studio Solution File, Format Version 12.00
# Visual Studio Version 16
VisualStudioVersion = 16.0.28803.202
MinimumVisualStudioVersion = 10.0.40219.1
Project("{FAE04EC0-301F-11D3-BF4B-00C04F79EFBC}") = "KumiteSystemPC", "KumiteSystemPC\KumiteSystemPC.csproj", "{84554B51-9224-4F2B-AB3F-FA2C035A06EB}"
EndProject
Global
	GlobalSection(SolutionConfigurationPlatforms) = preSolution
		Debug|Any CPU = Debug|Any CPU
		Release|Any CPU = Release|Any CPU
	EndGlobalSection
	GlobalSection(ProjectConfigurationPlatforms) = postSolution
		{84554B51-9224-4F2B-AB3F-FA2C035A06EB}.Debug|Any CPU.ActiveCfg = Debug|Any CPU
		{84554B51-9224-4F2B-AB3F-FA2C035A06EB}.Debug|Any CPU.Build.0 = Debug|Any CPU
		{84554B51-9224-4F2B-AB3F-FA2C035A06EB}.Release|Any CPU.ActiveCfg = Release|Any CPU
		{84554B51-9224-4F2B-AB3F-FA2C035A06EB}.Release|Any CPU.Build.0 = Release|Any CPU
	EndGlobalSection
	GlobalSection(SolutionProperties) = preSolution
		HideSolutionNode = FALSE
	EndGlobalSection
	GlobalSection(ExtensibilityGlobals) = postSolution
		SolutionGuid = {2D3ACE05-B140-4BDD-8D41-D82E552AD0AB}
	EndGlobalSection
EndGlobal
